// !$*UTF8*$!
{
	archiveVersion = 1;
	classes = {
	};
	objectVersion = 56;
	objects = {

/* Begin PBXBuildFile section */
		15908D492AF1D26400F2B477 /* FetchiOSProjectApp.swift in Sources */ = {isa = PBXBuildFile; fileRef = 15908D482AF1D26400F2B477 /* FetchiOSProjectApp.swift */; };
		15908D4D2AF1D26500F2B477 /* Assets.xcassets in Resources */ = {isa = PBXBuildFile; fileRef = 15908D4C2AF1D26500F2B477 /* Assets.xcassets */; };
		15908D502AF1D26500F2B477 /* Preview Assets.xcassets in Resources */ = {isa = PBXBuildFile; fileRef = 15908D4F2AF1D26500F2B477 /* Preview Assets.xcassets */; };
		15908D5A2AF1D26500F2B477 /* FetchiOSProjectTests.swift in Sources */ = {isa = PBXBuildFile; fileRef = 15908D592AF1D26500F2B477 /* FetchiOSProjectTests.swift */; };
		15908D642AF1D26500F2B477 /* FetchiOSProjectUITests.swift in Sources */ = {isa = PBXBuildFile; fileRef = 15908D632AF1D26500F2B477 /* FetchiOSProjectUITests.swift */; };
		15908D662AF1D26500F2B477 /* FetchiOSProjectUITestsLaunchTests.swift in Sources */ = {isa = PBXBuildFile; fileRef = 15908D652AF1D26500F2B477 /* FetchiOSProjectUITestsLaunchTests.swift */; };
		15908D732AF1D2D300F2B477 /* StringUtil.swift in Sources */ = {isa = PBXBuildFile; fileRef = 15908D722AF1D2D300F2B477 /* StringUtil.swift */; };
		15908D752AF1D2E700F2B477 /* NetworkUtil.swift in Sources */ = {isa = PBXBuildFile; fileRef = 15908D742AF1D2E700F2B477 /* NetworkUtil.swift */; };
		15908D772AF1D30E00F2B477 /* MealDetailViewModel.swift in Sources */ = {isa = PBXBuildFile; fileRef = 15908D762AF1D30E00F2B477 /* MealDetailViewModel.swift */; };
		15908D792AF1D32800F2B477 /* MealListViewModel.swift in Sources */ = {isa = PBXBuildFile; fileRef = 15908D782AF1D32800F2B477 /* MealListViewModel.swift */; };
		15908D7B2AF1D34000F2B477 /* MealListView.swift in Sources */ = {isa = PBXBuildFile; fileRef = 15908D7A2AF1D34000F2B477 /* MealListView.swift */; };
		15908D7D2AF1D35E00F2B477 /* MealDetailView.swift in Sources */ = {isa = PBXBuildFile; fileRef = 15908D7C2AF1D35E00F2B477 /* MealDetailView.swift */; };
		15908D7F2AF1D37700F2B477 /* MealRemoteImage.swift in Sources */ = {isa = PBXBuildFile; fileRef = 15908D7E2AF1D37700F2B477 /* MealRemoteImage.swift */; };
		15908D812AF1D38B00F2B477 /* MealDetailsResponse.swift in Sources */ = {isa = PBXBuildFile; fileRef = 15908D802AF1D38B00F2B477 /* MealDetailsResponse.swift */; };
		15908D832AF1D3A800F2B477 /* Meal.swift in Sources */ = {isa = PBXBuildFile; fileRef = 15908D822AF1D3A800F2B477 /* Meal.swift */; };
		15908D852AF1D3BE00F2B477 /* Ingredients.swift in Sources */ = {isa = PBXBuildFile; fileRef = 15908D842AF1D3BE00F2B477 /* Ingredients.swift */; };
		15908D872AF1D6B100F2B477 /* OpeningPageView.swift in Sources */ = {isa = PBXBuildFile; fileRef = 15908D862AF1D6B100F2B477 /* OpeningPageView.swift */; };
/* End PBXBuildFile section */

/* Begin PBXContainerItemProxy section */
		15908D562AF1D26500F2B477 /* PBXContainerItemProxy */ = {
			isa = PBXContainerItemProxy;
			containerPortal = 15908D3D2AF1D26400F2B477 /* Project object */;
			proxyType = 1;
			remoteGlobalIDString = 15908D442AF1D26400F2B477;
			remoteInfo = FetchiOSProject;
		};
		15908D602AF1D26500F2B477 /* PBXContainerItemProxy */ = {
			isa = PBXContainerItemProxy;
			containerPortal = 15908D3D2AF1D26400F2B477 /* Project object */;
			proxyType = 1;
			remoteGlobalIDString = 15908D442AF1D26400F2B477;
			remoteInfo = FetchiOSProject;
		};
/* End PBXContainerItemProxy section */

/* Begin PBXFileReference section */
		15908D452AF1D26400F2B477 /* FetchiOSProject.app */ = {isa = PBXFileReference; explicitFileType = wrapper.application; includeInIndex = 0; path = FetchiOSProject.app; sourceTree = BUILT_PRODUCTS_DIR; };
		15908D482AF1D26400F2B477 /* FetchiOSProjectApp.swift */ = {isa = PBXFileReference; lastKnownFileType = sourcecode.swift; path = FetchiOSProjectApp.swift; sourceTree = "<group>"; };
		15908D4C2AF1D26500F2B477 /* Assets.xcassets */ = {isa = PBXFileReference; lastKnownFileType = folder.assetcatalog; path = Assets.xcassets; sourceTree = "<group>"; };
		15908D4F2AF1D26500F2B477 /* Preview Assets.xcassets */ = {isa = PBXFileReference; lastKnownFileType = folder.assetcatalog; path = "Preview Assets.xcassets"; sourceTree = "<group>"; };
		15908D552AF1D26500F2B477 /* FetchiOSProjectTests.xctest */ = {isa = PBXFileReference; explicitFileType = wrapper.cfbundle; includeInIndex = 0; path = FetchiOSProjectTests.xctest; sourceTree = BUILT_PRODUCTS_DIR; };
		15908D592AF1D26500F2B477 /* FetchiOSProjectTests.swift */ = {isa = PBXFileReference; lastKnownFileType = sourcecode.swift; path = FetchiOSProjectTests.swift; sourceTree = "<group>"; };
		15908D5F2AF1D26500F2B477 /* FetchiOSProjectUITests.xctest */ = {isa = PBXFileReference; explicitFileType = wrapper.cfbundle; includeInIndex = 0; path = FetchiOSProjectUITests.xctest; sourceTree = BUILT_PRODUCTS_DIR; };
		15908D632AF1D26500F2B477 /* FetchiOSProjectUITests.swift */ = {isa = PBXFileReference; lastKnownFileType = sourcecode.swift; path = FetchiOSProjectUITests.swift; sourceTree = "<group>"; };
		15908D652AF1D26500F2B477 /* FetchiOSProjectUITestsLaunchTests.swift */ = {isa = PBXFileReference; lastKnownFileType = sourcecode.swift; path = FetchiOSProjectUITestsLaunchTests.swift; sourceTree = "<group>"; };
		15908D722AF1D2D300F2B477 /* StringUtil.swift */ = {isa = PBXFileReference; lastKnownFileType = sourcecode.swift; path = StringUtil.swift; sourceTree = "<group>"; };
		15908D742AF1D2E700F2B477 /* NetworkUtil.swift */ = {isa = PBXFileReference; lastKnownFileType = sourcecode.swift; path = NetworkUtil.swift; sourceTree = "<group>"; };
		15908D762AF1D30E00F2B477 /* MealDetailViewModel.swift */ = {isa = PBXFileReference; lastKnownFileType = sourcecode.swift; path = MealDetailViewModel.swift; sourceTree = "<group>"; };
		15908D782AF1D32800F2B477 /* MealListViewModel.swift */ = {isa = PBXFileReference; lastKnownFileType = sourcecode.swift; path = MealListViewModel.swift; sourceTree = "<group>"; };
		15908D7A2AF1D34000F2B477 /* MealListView.swift */ = {isa = PBXFileReference; lastKnownFileType = sourcecode.swift; path = MealListView.swift; sourceTree = "<group>"; };
		15908D7C2AF1D35E00F2B477 /* MealDetailView.swift */ = {isa = PBXFileReference; lastKnownFileType = sourcecode.swift; path = MealDetailView.swift; sourceTree = "<group>"; };
		15908D7E2AF1D37700F2B477 /* MealRemoteImage.swift */ = {isa = PBXFileReference; lastKnownFileType = sourcecode.swift; path = MealRemoteImage.swift; sourceTree = "<group>"; };
		15908D802AF1D38B00F2B477 /* MealDetailsResponse.swift */ = {isa = PBXFileReference; lastKnownFileType = sourcecode.swift; path = MealDetailsResponse.swift; sourceTree = "<group>"; };
		15908D822AF1D3A800F2B477 /* Meal.swift */ = {isa = PBXFileReference; lastKnownFileType = sourcecode.swift; path = Meal.swift; sourceTree = "<group>"; };
		15908D842AF1D3BE00F2B477 /* Ingredients.swift */ = {isa = PBXFileReference; lastKnownFileType = sourcecode.swift; path = Ingredients.swift; sourceTree = "<group>"; };
		15908D862AF1D6B100F2B477 /* OpeningPageView.swift */ = {isa = PBXFileReference; lastKnownFileType = sourcecode.swift; path = OpeningPageView.swift; sourceTree = "<group>"; };
/* End PBXFileReference section */

/* Begin PBXFrameworksBuildPhase section */
		15908D422AF1D26400F2B477 /* Frameworks */ = {
			isa = PBXFrameworksBuildPhase;
			buildActionMask = 2147483647;
			files = (
			);
			runOnlyForDeploymentPostprocessing = 0;
		};
		15908D522AF1D26500F2B477 /* Frameworks */ = {
			isa = PBXFrameworksBuildPhase;
			buildActionMask = 2147483647;
			files = (
			);
			runOnlyForDeploymentPostprocessing = 0;
		};
		15908D5C2AF1D26500F2B477 /* Frameworks */ = {
			isa = PBXFrameworksBuildPhase;
			buildActionMask = 2147483647;
			files = (
			);
			runOnlyForDeploymentPostprocessing = 0;
		};
/* End PBXFrameworksBuildPhase section */

/* Begin PBXGroup section */
		15908D3C2AF1D26400F2B477 = {
			isa = PBXGroup;
			children = (
				15908D472AF1D26400F2B477 /* FetchiOSProject */,
				15908D582AF1D26500F2B477 /* FetchiOSProjectTests */,
				15908D622AF1D26500F2B477 /* FetchiOSProjectUITests */,
				15908D462AF1D26400F2B477 /* Products */,
			);
			sourceTree = "<group>";
		};
		15908D462AF1D26400F2B477 /* Products */ = {
			isa = PBXGroup;
			children = (
				15908D452AF1D26400F2B477 /* FetchiOSProject.app */,
				15908D552AF1D26500F2B477 /* FetchiOSProjectTests.xctest */,
				15908D5F2AF1D26500F2B477 /* FetchiOSProjectUITests.xctest */,
			);
			name = Products;
			sourceTree = "<group>";
		};
		15908D472AF1D26400F2B477 /* FetchiOSProject */ = {
			isa = PBXGroup;
			children = (
				15908D482AF1D26400F2B477 /* FetchiOSProjectApp.swift */,
				15908D722AF1D2D300F2B477 /* StringUtil.swift */,
				15908D742AF1D2E700F2B477 /* NetworkUtil.swift */,
				15908D762AF1D30E00F2B477 /* MealDetailViewModel.swift */,
				15908D7A2AF1D34000F2B477 /* MealListView.swift */,
				15908D782AF1D32800F2B477 /* MealListViewModel.swift */,
				15908D7E2AF1D37700F2B477 /* MealRemoteImage.swift */,
				15908D7C2AF1D35E00F2B477 /* MealDetailView.swift */,
				15908D862AF1D6B100F2B477 /* OpeningPageView.swift */,
				15908D822AF1D3A800F2B477 /* Meal.swift */,
				15908D842AF1D3BE00F2B477 /* Ingredients.swift */,
				15908D802AF1D38B00F2B477 /* MealDetailsResponse.swift */,
				15908D4C2AF1D26500F2B477 /* Assets.xcassets */,
				15908D4E2AF1D26500F2B477 /* Preview Content */,
			);
			path = FetchiOSProject;
			sourceTree = "<group>";
		};
		15908D4E2AF1D26500F2B477 /* Preview Content */ = {
			isa = PBXGroup;
			children = (
				15908D4F2AF1D26500F2B477 /* Preview Assets.xcassets */,
			);
			path = "Preview Content";
			sourceTree = "<group>";
		};
		15908D582AF1D26500F2B477 /* FetchiOSProjectTests */ = {
			isa = PBXGroup;
			children = (
				15908D592AF1D26500F2B477 /* FetchiOSProjectTests.swift */,
			);
			path = FetchiOSProjectTests;
			sourceTree = "<group>";
		};
		15908D622AF1D26500F2B477 /* FetchiOSProjectUITests */ = {
			isa = PBXGroup;
			children = (
				15908D632AF1D26500F2B477 /* FetchiOSProjectUITests.swift */,
				15908D652AF1D26500F2B477 /* FetchiOSProjectUITestsLaunchTests.swift */,
			);
			path = FetchiOSProjectUITests;
			sourceTree = "<group>";
		};
/* End PBXGroup section */

/* Begin PBXNativeTarget section */
		15908D442AF1D26400F2B477 /* FetchiOSProject */ = {
			isa = PBXNativeTarget;
			buildConfigurationList = 15908D692AF1D26500F2B477 /* Build configuration list for PBXNativeTarget "FetchiOSProject" */;
			buildPhases = (
				15908D412AF1D26400F2B477 /* Sources */,
				15908D422AF1D26400F2B477 /* Frameworks */,
				15908D432AF1D26400F2B477 /* Resources */,
			);
			buildRules = (
			);
			dependencies = (
			);
			name = FetchiOSProject;
			productName = FetchiOSProject;
			productReference = 15908D452AF1D26400F2B477 /* FetchiOSProject.app */;
			productType = "com.apple.product-type.application";
		};
		15908D542AF1D26500F2B477 /* FetchiOSProjectTests */ = {
			isa = PBXNativeTarget;
			buildConfigurationList = 15908D6C2AF1D26500F2B477 /* Build configuration list for PBXNativeTarget "FetchiOSProjectTests" */;
			buildPhases = (
				15908D512AF1D26500F2B477 /* Sources */,
				15908D522AF1D26500F2B477 /* Frameworks */,
				15908D532AF1D26500F2B477 /* Resources */,
			);
			buildRules = (
			);
			dependencies = (
				15908D572AF1D26500F2B477 /* PBXTargetDependency */,
			);
			name = FetchiOSProjectTests;
			productName = FetchiOSProjectTests;
			productReference = 15908D552AF1D26500F2B477 /* FetchiOSProjectTests.xctest */;
			productType = "com.apple.product-type.bundle.unit-test";
		};
		15908D5E2AF1D26500F2B477 /* FetchiOSProjectUITests */ = {
			isa = PBXNativeTarget;
			buildConfigurationList = 15908D6F2AF1D26500F2B477 /* Build configuration list for PBXNativeTarget "FetchiOSProjectUITests" */;
			buildPhases = (
				15908D5B2AF1D26500F2B477 /* Sources */,
				15908D5C2AF1D26500F2B477 /* Frameworks */,
				15908D5D2AF1D26500F2B477 /* Resources */,
			);
			buildRules = (
			);
			dependencies = (
				15908D612AF1D26500F2B477 /* PBXTargetDependency */,
			);
			name = FetchiOSProjectUITests;
			productName = FetchiOSProjectUITests;
			productReference = 15908D5F2AF1D26500F2B477 /* FetchiOSProjectUITests.xctest */;
			productType = "com.apple.product-type.bundle.ui-testing";
		};
/* End PBXNativeTarget section */

/* Begin PBXProject section */
		15908D3D2AF1D26400F2B477 /* Project object */ = {
			isa = PBXProject;
			attributes = {
				BuildIndependentTargetsInParallel = 1;
				LastSwiftUpdateCheck = 1420;
				LastUpgradeCheck = 1420;
				TargetAttributes = {
					15908D442AF1D26400F2B477 = {
						CreatedOnToolsVersion = 14.2;
					};
					15908D542AF1D26500F2B477 = {
						CreatedOnToolsVersion = 14.2;
						TestTargetID = 15908D442AF1D26400F2B477;
					};
					15908D5E2AF1D26500F2B477 = {
						CreatedOnToolsVersion = 14.2;
						TestTargetID = 15908D442AF1D26400F2B477;
					};
				};
			};
			buildConfigurationList = 15908D402AF1D26400F2B477 /* Build configuration list for PBXProject "FetchiOSProject" */;
			compatibilityVersion = "Xcode 14.0";
			developmentRegion = en;
			hasScannedForEncodings = 0;
			knownRegions = (
				en,
				Base,
			);
			mainGroup = 15908D3C2AF1D26400F2B477;
			productRefGroup = 15908D462AF1D26400F2B477 /* Products */;
			projectDirPath = "";
			projectRoot = "";
			targets = (
				15908D442AF1D26400F2B477 /* FetchiOSProject */,
				15908D542AF1D26500F2B477 /* FetchiOSProjectTests */,
				15908D5E2AF1D26500F2B477 /* FetchiOSProjectUITests */,
			);
		};
/* End PBXProject section */

/* Begin PBXResourcesBuildPhase section */
		15908D432AF1D26400F2B477 /* Resources */ = {
			isa = PBXResourcesBuildPhase;
			buildActionMask = 2147483647;
			files = (
				15908D502AF1D26500F2B477 /* Preview Assets.xcassets in Resources */,
				15908D4D2AF1D26500F2B477 /* Assets.xcassets in Resources */,
			);
			runOnlyForDeploymentPostprocessing = 0;
		};
		15908D532AF1D26500F2B477 /* Resources */ = {
			isa = PBXResourcesBuildPhase;
			buildActionMask = 2147483647;
			files = (
			);
			runOnlyForDeploymentPostprocessing = 0;
		};
		15908D5D2AF1D26500F2B477 /* Resources */ = {
			isa = PBXResourcesBuildPhase;
			buildActionMask = 2147483647;
			files = (
			);
			runOnlyForDeploymentPostprocessing = 0;
		};
/* End PBXResourcesBuildPhase section */

/* Begin PBXSourcesBuildPhase section */
		15908D412AF1D26400F2B477 /* Sources */ = {
			isa = PBXSourcesBuildPhase;
			buildActionMask = 2147483647;
			files = (
				15908D752AF1D2E700F2B477 /* NetworkUtil.swift in Sources */,
				15908D792AF1D32800F2B477 /* MealListViewModel.swift in Sources */,
				15908D7F2AF1D37700F2B477 /* MealRemoteImage.swift in Sources */,
				15908D872AF1D6B100F2B477 /* OpeningPageView.swift in Sources */,
				15908D832AF1D3A800F2B477 /* Meal.swift in Sources */,
				15908D492AF1D26400F2B477 /* FetchiOSProjectApp.swift in Sources */,
				15908D7D2AF1D35E00F2B477 /* MealDetailView.swift in Sources */,
				15908D812AF1D38B00F2B477 /* MealDetailsResponse.swift in Sources */,
				15908D852AF1D3BE00F2B477 /* Ingredients.swift in Sources */,
				15908D732AF1D2D300F2B477 /* StringUtil.swift in Sources */,
				15908D7B2AF1D34000F2B477 /* MealListView.swift in Sources */,
				15908D772AF1D30E00F2B477 /* MealDetailViewModel.swift in Sources */,
			);
			runOnlyForDeploymentPostprocessing = 0;
		};
		15908D512AF1D26500F2B477 /* Sources */ = {
			isa = PBXSourcesBuildPhase;
			buildActionMask = 2147483647;
			files = (
				15908D5A2AF1D26500F2B477 /* FetchiOSProjectTests.swift in Sources */,
			);
			runOnlyForDeploymentPostprocessing = 0;
		};
		15908D5B2AF1D26500F2B477 /* Sources */ = {
			isa = PBXSourcesBuildPhase;
			buildActionMask = 2147483647;
			files = (
				15908D642AF1D26500F2B477 /* FetchiOSProjectUITests.swift in Sources */,
				15908D662AF1D26500F2B477 /* FetchiOSProjectUITestsLaunchTests.swift in Sources */,
			);
			runOnlyForDeploymentPostprocessing = 0;
		};
/* End PBXSourcesBuildPhase section */

/* Begin PBXTargetDependency section */
		15908D572AF1D26500F2B477 /* PBXTargetDependency */ = {
			isa = PBXTargetDependency;
			target = 15908D442AF1D26400F2B477 /* FetchiOSProject */;
			targetProxy = 15908D562AF1D26500F2B477 /* PBXContainerItemProxy */;
		};
		15908D612AF1D26500F2B477 /* PBXTargetDependency */ = {
			isa = PBXTargetDependency;
			target = 15908D442AF1D26400F2B477 /* FetchiOSProject */;
			targetProxy = 15908D602AF1D26500F2B477 /* PBXContainerItemProxy */;
		};
/* End PBXTargetDependency section */

/* Begin XCBuildConfiguration section */
		15908D672AF1D26500F2B477 /* Debug */ = {
			isa = XCBuildConfiguration;
			buildSettings = {
				ALWAYS_SEARCH_USER_PATHS = NO;
				CLANG_ANALYZER_NONNULL = YES;
				CLANG_ANALYZER_NUMBER_OBJECT_CONVERSION = YES_AGGRESSIVE;
				CLANG_CXX_LANGUAGE_STANDARD = "gnu++20";
				CLANG_ENABLE_MODULES = YES;
				CLANG_ENABLE_OBJC_ARC = YES;
				CLANG_ENABLE_OBJC_WEAK = YES;
				CLANG_WARN_BLOCK_CAPTURE_AUTORELEASING = YES;
				CLANG_WARN_BOOL_CONVERSION = YES;
				CLANG_WARN_COMMA = YES;
				CLANG_WARN_CONSTANT_CONVERSION = YES;
				CLANG_WARN_DEPRECATED_OBJC_IMPLEMENTATIONS = YES;
				CLANG_WARN_DIRECT_OBJC_ISA_USAGE = YES_ERROR;
				CLANG_WARN_DOCUMENTATION_COMMENTS = YES;
				CLANG_WARN_EMPTY_BODY = YES;
				CLANG_WARN_ENUM_CONVERSION = YES;
				CLANG_WARN_INFINITE_RECURSION = YES;
				CLANG_WARN_INT_CONVERSION = YES;
				CLANG_WARN_NON_LITERAL_NULL_CONVERSION = YES;
				CLANG_WARN_OBJC_IMPLICIT_RETAIN_SELF = YES;
				CLANG_WARN_OBJC_LITERAL_CONVERSION = YES;
				CLANG_WARN_OBJC_ROOT_CLASS = YES_ERROR;
				CLANG_WARN_QUOTED_INCLUDE_IN_FRAMEWORK_HEADER = YES;
				CLANG_WARN_RANGE_LOOP_ANALYSIS = YES;
				CLANG_WARN_STRICT_PROTOTYPES = YES;
				CLANG_WARN_SUSPICIOUS_MOVE = YES;
				CLANG_WARN_UNGUARDED_AVAILABILITY = YES_AGGRESSIVE;
				CLANG_WARN_UNREACHABLE_CODE = YES;
				CLANG_WARN__DUPLICATE_METHOD_MATCH = YES;
				COPY_PHASE_STRIP = NO;
				DEBUG_INFORMATION_FORMAT = dwarf;
				ENABLE_STRICT_OBJC_MSGSEND = YES;
				ENABLE_TESTABILITY = YES;
				GCC_C_LANGUAGE_STANDARD = gnu11;
				GCC_DYNAMIC_NO_PIC = NO;
				GCC_NO_COMMON_BLOCKS = YES;
				GCC_OPTIMIZATION_LEVEL = 0;
				GCC_PREPROCESSOR_DEFINITIONS = (
					"DEBUG=1",
					"$(inherited)",
				);
				GCC_WARN_64_TO_32_BIT_CONVERSION = YES;
				GCC_WARN_ABOUT_RETURN_TYPE = YES_ERROR;
				GCC_WARN_UNDECLARED_SELECTOR = YES;
				GCC_WARN_UNINITIALIZED_AUTOS = YES_AGGRESSIVE;
				GCC_WARN_UNUSED_FUNCTION = YES;
				GCC_WARN_UNUSED_VARIABLE = YES;
				IPHONEOS_DEPLOYMENT_TARGET = 16.2;
				MTL_ENABLE_DEBUG_INFO = INCLUDE_SOURCE;
				MTL_FAST_MATH = YES;
				ONLY_ACTIVE_ARCH = YES;
				SDKROOT = iphoneos;
				SWIFT_ACTIVE_COMPILATION_CONDITIONS = DEBUG;
				SWIFT_OPTIMIZATION_LEVEL = "-Onone";
			};
			name = Debug;
		};
		15908D682AF1D26500F2B477 /* Release */ = {
			isa = XCBuildConfiguration;
			buildSettings = {
				ALWAYS_SEARCH_USER_PATHS = NO;
				CLANG_ANALYZER_NONNULL = YES;
				CLANG_ANALYZER_NUMBER_OBJECT_CONVERSION = YES_AGGRESSIVE;
				CLANG_CXX_LANGUAGE_STANDARD = "gnu++20";
				CLANG_ENABLE_MODULES = YES;
				CLANG_ENABLE_OBJC_ARC = YES;
				CLANG_ENABLE_OBJC_WEAK = YES;
				CLANG_WARN_BLOCK_CAPTURE_AUTORELEASING = YES;
				CLANG_WARN_BOOL_CONVERSION = YES;
				CLANG_WARN_COMMA = YES;
				CLANG_WARN_CONSTANT_CONVERSION = YES;
				CLANG_WARN_DEPRECATED_OBJC_IMPLEMENTATIONS = YES;
				CLANG_WARN_DIRECT_OBJC_ISA_USAGE = YES_ERROR;
				CLANG_WARN_DOCUMENTATION_COMMENTS = YES;
				CLANG_WARN_EMPTY_BODY = YES;
				CLANG_WARN_ENUM_CONVERSION = YES;
				CLANG_WARN_INFINITE_RECURSION = YES;
				CLANG_WARN_INT_CONVERSION = YES;
				CLANG_WARN_NON_LITERAL_NULL_CONVERSION = YES;
				CLANG_WARN_OBJC_IMPLICIT_RETAIN_SELF = YES;
				CLANG_WARN_OBJC_LITERAL_CONVERSION = YES;
				CLANG_WARN_OBJC_ROOT_CLASS = YES_ERROR;
				CLANG_WARN_QUOTED_INCLUDE_IN_FRAMEWORK_HEADER = YES;
				CLANG_WARN_RANGE_LOOP_ANALYSIS = YES;
				CLANG_WARN_STRICT_PROTOTYPES = YES;
				CLANG_WARN_SUSPICIOUS_MOVE = YES;
				CLANG_WARN_UNGUARDED_AVAILABILITY = YES_AGGRESSIVE;
				CLANG_WARN_UNREACHABLE_CODE = YES;
				CLANG_WARN__DUPLICATE_METHOD_MATCH = YES;
				COPY_PHASE_STRIP = NO;
				DEBUG_INFORMATION_FORMAT = "dwarf-with-dsym";
				ENABLE_NS_ASSERTIONS = NO;
				ENABLE_STRICT_OBJC_MSGSEND = YES;
				GCC_C_LANGUAGE_STANDARD = gnu11;
				GCC_NO_COMMON_BLOCKS = YES;
				GCC_WARN_64_TO_32_BIT_CONVERSION = YES;
				GCC_WARN_ABOUT_RETURN_TYPE = YES_ERROR;
				GCC_WARN_UNDECLARED_SELECTOR = YES;
				GCC_WARN_UNINITIALIZED_AUTOS = YES_AGGRESSIVE;
				GCC_WARN_UNUSED_FUNCTION = YES;
				GCC_WARN_UNUSED_VARIABLE = YES;
				IPHONEOS_DEPLOYMENT_TARGET = 16.2;
				MTL_ENABLE_DEBUG_INFO = NO;
				MTL_FAST_MATH = YES;
				SDKROOT = iphoneos;
				SWIFT_COMPILATION_MODE = wholemodule;
				SWIFT_OPTIMIZATION_LEVEL = "-O";
				VALIDATE_PRODUCT = YES;
			};
			name = Release;
		};
		15908D6A2AF1D26500F2B477 /* Debug */ = {
			isa = XCBuildConfiguration;
			buildSettings = {
				ASSETCATALOG_COMPILER_APPICON_NAME = AppIcon;
				ASSETCATALOG_COMPILER_GLOBAL_ACCENT_COLOR_NAME = AccentColor;
				CODE_SIGN_STYLE = Automatic;
				CURRENT_PROJECT_VERSION = 1;
				DEVELOPMENT_ASSET_PATHS = "\"FetchiOSProject/Preview Content\"";
				ENABLE_PREVIEWS = YES;
				GENERATE_INFOPLIST_FILE = YES;
				INFOPLIST_KEY_UIApplicationSceneManifest_Generation = YES;
				INFOPLIST_KEY_UIApplicationSupportsIndirectInputEvents = YES;
				INFOPLIST_KEY_UILaunchScreen_Generation = YES;
				INFOPLIST_KEY_UISupportedInterfaceOrientations_iPad = "UIInterfaceOrientationPortrait UIInterfaceOrientationPortraitUpsideDown UIInterfaceOrientationLandscapeLeft UIInterfaceOrientationLandscapeRight";
				INFOPLIST_KEY_UISupportedInterfaceOrientations_iPhone = "UIInterfaceOrientationPortrait UIInterfaceOrientationLandscapeLeft UIInterfaceOrientationLandscapeRight";
				LD_RUNPATH_SEARCH_PATHS = (
					"$(inherited)",
					"@executable_path/Frameworks",
				);
				MARKETING_VERSION = 1.0;
				PRODUCT_BUNDLE_IDENTIFIER = CharlemagneMagboo.FetchiOSProject;
				PRODUCT_NAME = "$(TARGET_NAME)";
				SWIFT_EMIT_LOC_STRINGS = YES;
				SWIFT_VERSION = 5.0;
				TARGETED_DEVICE_FAMILY = "1,2";
			};
			name = Debug;
		};
		15908D6B2AF1D26500F2B477 /* Release */ = {
			isa = XCBuildConfiguration;
			buildSettings = {
				ASSETCATALOG_COMPILER_APPICON_NAME = AppIcon;
				ASSETCATALOG_COMPILER_GLOBAL_ACCENT_COLOR_NAME = AccentColor;
				CODE_SIGN_STYLE = Automatic;
				CURRENT_PROJECT_VERSION = 1;
				DEVELOPMENT_ASSET_PATHS = "\"FetchiOSProject/Preview Content\"";
				ENABLE_PREVIEWS = YES;
				GENERATE_INFOPLIST_FILE = YES;
				INFOPLIST_KEY_UIApplicationSceneManifest_Generation = YES;
				INFOPLIST_KEY_UIApplicationSupportsIndirectInputEvents = YES;
				INFOPLIST_KEY_UILaunchScreen_Generation = YES;
				INFOPLIST_KEY_UISupportedInterfaceOrientations_iPad = "UIInterfaceOrientationPortrait UIInterfaceOrientationPortraitUpsideDown UIInterfaceOrientationLandscapeLeft UIInterfaceOrientationLandscapeRight";
				INFOPLIST_KEY_UISupportedInterfaceOrientations_iPhone = "UIInterfaceOrientationPortrait UIInterfaceOrientationLandscapeLeft UIInterfaceOrientationLandscapeRight";
				LD_RUNPATH_SEARCH_PATHS = (
					"$(inherited)",
					"@executable_path/Frameworks",
				);
				MARKETING_VERSION = 1.0;
				PRODUCT_BUNDLE_IDENTIFIER = CharlemagneMagboo.FetchiOSProject;
				PRODUCT_NAME = "$(TARGET_NAME)";
				SWIFT_EMIT_LOC_STRINGS = YES;
				SWIFT_VERSION = 5.0;
				TARGETED_DEVICE_FAMILY = "1,2";
			};
			name = Release;
		};
		15908D6D2AF1D26500F2B477 /* Debug */ = {
			isa = XCBuildConfiguration;
			buildSettings = {
				ALWAYS_EMBED_SWIFT_STANDARD_LIBRARIES = YES;
				BUNDLE_LOADER = "$(TEST_HOST)";
				CODE_SIGN_STYLE = Automatic;
				CURRENT_PROJECT_VERSION = 1;
				GENERATE_INFOPLIST_FILE = YES;
				IPHONEOS_DEPLOYMENT_TARGET = 16.2;
				MARKETING_VERSION = 1.0;
				PRODUCT_BUNDLE_IDENTIFIER = CharlemagneMagboo.FetchiOSProjectTests;
				PRODUCT_NAME = "$(TARGET_NAME)";
				SWIFT_EMIT_LOC_STRINGS = NO;
				SWIFT_VERSION = 5.0;
				TARGETED_DEVICE_FAMILY = "1,2";
				TEST_HOST = "$(BUILT_PRODUCTS_DIR)/FetchiOSProject.app/$(BUNDLE_EXECUTABLE_FOLDER_PATH)/FetchiOSProject";
			};
			name = Debug;
		};
		15908D6E2AF1D26500F2B477 /* Release */ = {
			isa = XCBuildConfiguration;
			buildSettings = {
				ALWAYS_EMBED_SWIFT_STANDARD_LIBRARIES = YES;
				BUNDLE_LOADER = "$(TEST_HOST)";
				CODE_SIGN_STYLE = Automatic;
				CURRENT_PROJECT_VERSION = 1;
				GENERATE_INFOPLIST_FILE = YES;
				IPHONEOS_DEPLOYMENT_TARGET = 16.2;
				MARKETING_VERSION = 1.0;
				PRODUCT_BUNDLE_IDENTIFIER = CharlemagneMagboo.FetchiOSProjectTests;
				PRODUCT_NAME = "$(TARGET_NAME)";
				SWIFT_EMIT_LOC_STRINGS = NO;
				SWIFT_VERSION = 5.0;
				TARGETED_DEVICE_FAMILY = "1,2";
				TEST_HOST = "$(BUILT_PRODUCTS_DIR)/FetchiOSProject.app/$(BUNDLE_EXECUTABLE_FOLDER_PATH)/FetchiOSProject";
			};
			name = Release;
		};
		15908D702AF1D26500F2B477 /* Debug */ = {
			isa = XCBuildConfiguration;
			buildSettings = {
				ALWAYS_EMBED_SWIFT_STANDARD_LIBRARIES = YES;
				CODE_SIGN_STYLE = Automatic;
				CURRENT_PROJECT_VERSION = 1;
				GENERATE_INFOPLIST_FILE = YES;
				MARKETING_VERSION = 1.0;
				PRODUCT_BUNDLE_IDENTIFIER = CharlemagneMagboo.FetchiOSProjectUITests;
				PRODUCT_NAME = "$(TARGET_NAME)";
				SWIFT_EMIT_LOC_STRINGS = NO;
				SWIFT_VERSION = 5.0;
				TARGETED_DEVICE_FAMILY = "1,2";
				TEST_TARGET_NAME = FetchiOSProject;
			};
			name = Debug;
		};
		15908D712AF1D26500F2B477 /* Release */ = {
			isa = XCBuildConfiguration;
			buildSettings = {
				ALWAYS_EMBED_SWIFT_STANDARD_LIBRARIES = YES;
				CODE_SIGN_STYLE = Automatic;
				CURRENT_PROJECT_VERSION = 1;
				GENERATE_INFOPLIST_FILE = YES;
				MARKETING_VERSION = 1.0;
				PRODUCT_BUNDLE_IDENTIFIER = CharlemagneMagboo.FetchiOSProjectUITests;
				PRODUCT_NAME = "$(TARGET_NAME)";
				SWIFT_EMIT_LOC_STRINGS = NO;
				SWIFT_VERSION = 5.0;
				TARGETED_DEVICE_FAMILY = "1,2";
				TEST_TARGET_NAME = FetchiOSProject;
			};
			name = Release;
		};
/* End XCBuildConfiguration section */

/* Begin XCConfigurationList section */
		15908D402AF1D26400F2B477 /* Build configuration list for PBXProject "FetchiOSProject" */ = {
			isa = XCConfigurationList;
			buildConfigurations = (
				15908D672AF1D26500F2B477 /* Debug */,
				15908D682AF1D26500F2B477 /* Release */,
			);
			defaultConfigurationIsVisible = 0;
			defaultConfigurationName = Release;
		};
		15908D692AF1D26500F2B477 /* Build configuration list for PBXNativeTarget "FetchiOSProject" */ = {
			isa = XCConfigurationList;
			buildConfigurations = (
				15908D6A2AF1D26500F2B477 /* Debug */,
				15908D6B2AF1D26500F2B477 /* Release */,
			);
			defaultConfigurationIsVisible = 0;
			defaultConfigurationName = Release;
		};
		15908D6C2AF1D26500F2B477 /* Build configuration list for PBXNativeTarget "FetchiOSProjectTests" */ = {
			isa = XCConfigurationList;
			buildConfigurations = (
				15908D6D2AF1D26500F2B477 /* Debug */,
				15908D6E2AF1D26500F2B477 /* Release */,
			);
			defaultConfigurationIsVisible = 0;
			defaultConfigurationName = Release;
		};
		15908D6F2AF1D26500F2B477 /* Build configuration list for PBXNativeTarget "FetchiOSProjectUITests" */ = {
			isa = XCConfigurationList;
			buildConfigurations = (
				15908D702AF1D26500F2B477 /* Debug */,
				15908D712AF1D26500F2B477 /* Release */,
			);
			defaultConfigurationIsVisible = 0;
			defaultConfigurationName = Release;
		};
/* End XCConfigurationList section */
	};
	rootObject = 15908D3D2AF1D26400F2B477 /* Project object */;
}
